{
  "nodes": {
    "beautysh": {
      "inputs": {
        "nixpkgs": [
          "nixvim",
          "nixpkgs"
        ],
        "poetry2nix": "poetry2nix",
        "utils": "utils"
      },
      "locked": {
        "lastModified": 1680308980,
        "narHash": "sha256-aUEHV0jk2qIFP3jlsWYWhBbm+w/N9gzH3e4I5DcdB5s=",
        "owner": "lovesegfault",
        "repo": "beautysh",
        "rev": "9845efc3ea3e86cc0d41465d720a47f521b2799c",
        "type": "github"
      },
      "original": {
        "owner": "lovesegfault",
        "repo": "beautysh",
        "type": "github"
      }
    },
    "chaotic": {
      "inputs": {
        "compare-to": "compare-to",
        "gamescope-git-src": "gamescope-git-src",
        "home-manager": "home-manager",
        "input-leap-git-src": "input-leap-git-src",
        "mangohud-git-src": "mangohud-git-src",
        "mesa-git-src": "mesa-git-src",
        "nixpkgs": "nixpkgs",
        "river-git-src": "river-git-src",
        "sway-git-src": "sway-git-src",
        "swaylock-plugin-git-src": "swaylock-plugin-git-src",
        "waynergy-git-src": "waynergy-git-src",
        "wlroots-git-src": "wlroots-git-src",
        "yt-dlp-git-src": "yt-dlp-git-src",
        "yuzu-ea-git-src": "yuzu-ea-git-src"
      },
      "locked": {
        "lastModified": 1691161892,
        "narHash": "sha256-7AM2Kbr5S+Jw0VKlAZMLGaYcNJWuYO/Jv04m83OPscA=",
        "owner": "chaotic-cx",
        "repo": "nyx",
        "rev": "71d6898992a9b66d98090d69f9c1a24e40190b8f",
        "type": "github"
      },
      "original": {
        "owner": "chaotic-cx",
        "ref": "nyxpkgs-unstable",
        "repo": "nyx",
        "type": "github"
      }
    },
    "compare-to": {
      "locked": {
        "lastModified": 1682262834,
        "narHash": "sha256-kailVn8ZiJ6yaHTLOTDtJKj8MFp/U/ncqYjNUrpryJ8=",
        "owner": "chaotic-cx",
        "repo": "nix-empty-flake",
        "rev": "211c8624d05494ab24993a59e7ddc2fad58305b3",
        "type": "github"
      },
      "original": {
        "owner": "chaotic-cx",
        "repo": "nix-empty-flake",
        "type": "github"
      }
    },
    "flake-compat": {
      "flake": false,
      "locked": {
        "lastModified": 1673956053,
        "narHash": "sha256-4gtG9iQuiKITOjNQQeQIpoIB6b16fm+504Ch3sNKLd8=",
        "owner": "edolstra",
        "repo": "flake-compat",
        "rev": "35bb57c0c8d8b62bbfd284272c928ceb64ddbde9",
        "type": "github"
      },
      "original": {
        "owner": "edolstra",
        "repo": "flake-compat",
        "type": "github"
      }
    },
    "flake-parts": {
      "inputs": {
        "nixpkgs-lib": "nixpkgs-lib"
      },
      "locked": {
        "lastModified": 1688254665,
        "narHash": "sha256-8FHEgBrr7gYNiS/NzCxIO3m4hvtLRW9YY1nYo1ivm3o=",
        "owner": "hercules-ci",
        "repo": "flake-parts",
        "rev": "267149c58a14d15f7f81b4d737308421de9d7152",
        "type": "github"
      },
      "original": {
        "owner": "hercules-ci",
        "repo": "flake-parts",
        "type": "github"
      }
    },
    "flake-utils": {
      "inputs": {
        "systems": "systems"
      },
      "locked": {
        "lastModified": 1689068808,
        "narHash": "sha256-6ixXo3wt24N/melDWjq70UuHQLxGV8jZvooRanIHXw0=",
        "owner": "numtide",
        "repo": "flake-utils",
        "rev": "919d646de7be200f3bf08cb76ae1f09402b6f9b4",
        "type": "github"
      },
      "original": {
        "owner": "numtide",
        "repo": "flake-utils",
        "type": "github"
      }
    },
    "flake-utils_2": {
      "inputs": {
        "systems": "systems_2"
      },
      "locked": {
        "lastModified": 1685518550,
        "narHash": "sha256-o2d0KcvaXzTrPRIo0kOLV0/QXHhDQ5DTi+OxcjO8xqY=",
        "owner": "numtide",
        "repo": "flake-utils",
        "rev": "a1720a10a6cfe8234c0e93907ffe81be440f4cef",
        "type": "github"
      },
      "original": {
        "owner": "numtide",
        "repo": "flake-utils",
        "type": "github"
      }
    },
    "gamescope-git-src": {
      "flake": false,
      "locked": {
        "lastModified": 1690442292,
        "narHash": "sha256-UpY9O6X2YLYCpXkAXzjQwk+yiRj2cMlVbi+OtIHEdI8=",
        "owner": "ValveSoftware",
        "repo": "gamescope",
        "rev": "50eaf7531781bc680f9dd8758ec7de042671569f",
        "type": "github"
      },
      "original": {
        "owner": "ValveSoftware",
        "ref": "master",
        "repo": "gamescope",
        "type": "github"
      }
    },
    "gitignore": {
      "inputs": {
        "nixpkgs": [
          "nixvim",
          "pre-commit-hooks",
          "nixpkgs"
        ]
      },
      "locked": {
        "lastModified": 1660459072,
        "narHash": "sha256-8DFJjXG8zqoONA1vXtgeKXy68KdJL5UaXR8NtVMUbx8=",
        "owner": "hercules-ci",
        "repo": "gitignore.nix",
        "rev": "a20de23b925fd8264fd7fad6454652e142fd7f73",
        "type": "github"
      },
      "original": {
        "owner": "hercules-ci",
        "repo": "gitignore.nix",
        "type": "github"
      }
    },
    "home-manager": {
      "inputs": {
        "nixpkgs": [
          "chaotic",
          "nixpkgs"
        ]
      },
      "locked": {
        "lastModified": 1691143977,
        "narHash": "sha256-zXHmmghQdDLecVxFedRxSny4FtVH9lig1/BKObsHwfg=",
        "owner": "nix-community",
        "repo": "home-manager",
        "rev": "15043a65915bcc16ad207d65b202659e4988066b",
        "type": "github"
      },
      "original": {
        "owner": "nix-community",
        "repo": "home-manager",
        "type": "github"
      }
    },
    "home-manager_2": {
      "inputs": {
        "nixpkgs": [
          "nixpkgs"
        ]
      },
      "locked": {
        "lastModified": 1691143977,
        "narHash": "sha256-zXHmmghQdDLecVxFedRxSny4FtVH9lig1/BKObsHwfg=",
        "owner": "nix-community",
        "repo": "home-manager",
        "rev": "15043a65915bcc16ad207d65b202659e4988066b",
        "type": "github"
      },
      "original": {
        "owner": "nix-community",
        "repo": "home-manager",
        "type": "github"
      }
    },
    "hypr-contrib": {
      "inputs": {
        "nixpkgs": "nixpkgs_2"
      },
      "locked": {
        "lastModified": 1690635289,
        "narHash": "sha256-ec77Yf7mqusmGkxrmYXEG4D0DqEcNRA3vFextWVQOVA=",
        "owner": "hyprwm",
        "repo": "contrib",
        "rev": "bef073cff65917ba2d888aa4dc39bd9868e2b0a4",
        "type": "github"
      },
      "original": {
        "owner": "hyprwm",
        "repo": "contrib",
        "type": "github"
      }
    },
    "hyprland": {
      "inputs": {
        "hyprland-protocols": "hyprland-protocols",
        "nixpkgs": "nixpkgs_3",
        "wlroots": "wlroots",
        "xdph": "xdph"
      },
      "locked": {
        "lastModified": 1691161096,
        "narHash": "sha256-yJaIvoenNoGxTI0bOHPflvJObTnyXZhsjaOFJMIbDps=",
        "owner": "hyprwm",
        "repo": "Hyprland",
        "rev": "46cf4eb837c39255f24fa32b5a740c28ce1a324f",
        "type": "github"
      },
      "original": {
        "owner": "hyprwm",
        "repo": "Hyprland",
        "type": "github"
      }
    },
    "hyprland-protocols": {
      "inputs": {
        "nixpkgs": [
          "hyprland",
          "nixpkgs"
        ]
      },
      "locked": {
        "lastModified": 1684265364,
        "narHash": "sha256-AxNnWbthsuNx73HDQr0eBxrcE3+yfl/WsaXZqUFmkpQ=",
        "owner": "hyprwm",
        "repo": "hyprland-protocols",
        "rev": "8c279b9fb0f2b031427dc5ef4eab53f2ed835530",
        "type": "github"
      },
      "original": {
        "owner": "hyprwm",
        "repo": "hyprland-protocols",
        "type": "github"
      }
    },
    "hyprland-protocols_2": {
      "inputs": {
        "nixpkgs": [
          "xdph",
          "nixpkgs"
        ]
      },
      "locked": {
        "lastModified": 1681065697,
        "narHash": "sha256-QPzwwlGKX95tl6ZEshboZbEwwAXww6lNLdVYd6T9Mrc=",
        "owner": "hyprwm",
        "repo": "hyprland-protocols",
        "rev": "4d29e48433270a2af06b8bc711ca1fe5109746cd",
        "type": "github"
      },
      "original": {
        "owner": "hyprwm",
        "repo": "hyprland-protocols",
        "type": "github"
      }
    },
    "hyprpicker": {
      "inputs": {
        "nixpkgs": "nixpkgs_4"
      },
      "locked": {
        "lastModified": 1691174490,
        "narHash": "sha256-l7evQZAT7Vi0F/8QZZZ7TCfDsT7R0GYb4NVWWsUSbc4=",
        "owner": "hyprwm",
        "repo": "hyprpicker",
        "rev": "03bc27be945a2c83f5b8089ae03030e10f56e371",
        "type": "github"
      },
      "original": {
        "owner": "hyprwm",
        "repo": "hyprpicker",
        "type": "github"
      }
    },
    "input-leap-git-src": {
      "flake": false,
      "locked": {
        "lastModified": 1690732292,
        "narHash": "sha256-eECX0oSUnRVi5sm870lLRX0li8ZJ9QlyTjrdEkUfNd8=",
        "owner": "input-leap",
        "repo": "input-leap",
        "rev": "fa1bfd993804e4225dd02aeb2e21ec32ed3c598a",
        "type": "github"
      },
      "original": {
        "owner": "input-leap",
        "ref": "master",
        "repo": "input-leap",
        "type": "github"
      }
    },
    "mangohud-git-src": {
      "flake": false,
      "locked": {
        "lastModified": 1690998793,
        "narHash": "sha256-Hp239R9nGNF+p2Er3w8bAie5sFd7Eh6oFdf2m1KiMDE=",
        "owner": "flightlessmango",
        "repo": "MangoHud",
        "rev": "7189b75efe24f5ebbcf34102e505dde34c0787bb",
        "type": "github"
      },
      "original": {
        "owner": "flightlessmango",
        "ref": "master",
        "repo": "MangoHud",
        "type": "github"
      }
    },
    "mesa-git-src": {
      "flake": false,
      "locked": {
        "lastModified": 1691142400,
        "narHash": "sha256-Vrf/CkVTSjKBLi50PD922Wp7XXwSi9jnHTKihtZrjDU=",
        "owner": "chaotic-cx",
        "repo": "mesa-mirror",
        "rev": "d7fa2561a5e31b22b84b5735e2cdcbe27b8a7dfb",
        "type": "github"
      },
      "original": {
        "owner": "chaotic-cx",
        "ref": "main",
        "repo": "mesa-mirror",
        "type": "github"
      }
    },
    "nix-formatter-pack": {
      "inputs": {
        "nixpkgs": [
          "nix-on-droid",
          "nixpkgs"
        ],
        "nmd": "nmd",
        "nmt": "nmt"
      },
      "locked": {
        "lastModified": 1666720474,
        "narHash": "sha256-iWojjDS1D19zpeZXbBdjWb9MiKmVVFQCqtJmtTXgPx8=",
        "owner": "Gerschtli",
        "repo": "nix-formatter-pack",
        "rev": "14876cc8fe94a3d329964ecb073b4c988c7b61f5",
        "type": "github"
      },
      "original": {
        "owner": "Gerschtli",
        "repo": "nix-formatter-pack",
        "type": "github"
      }
    },
    "nix-gaming": {
      "inputs": {
        "flake-parts": "flake-parts",
        "nixpkgs": "nixpkgs_5"
      },
      "locked": {
        "lastModified": 1692319953,
        "narHash": "sha256-bhoomK7RKPODEeJoevec2HYJ47fPEKCsj86ZS5qqjJM=",
        "owner": "fufexan",
        "repo": "nix-gaming",
        "rev": "4a359edb9944d284cf2a5b1ad9c1e7fddaec48c8",
        "type": "github"
      },
      "original": {
        "owner": "fufexan",
        "repo": "nix-gaming",
        "type": "github"
      }
    },
    "nix-on-droid": {
      "inputs": {
        "home-manager": [
          "home-manager"
        ],
        "nix-formatter-pack": "nix-formatter-pack",
        "nixpkgs": [
          "nixpkgs"
        ],
        "nixpkgs-for-bootstrap": "nixpkgs-for-bootstrap",
        "nmd": "nmd_2"
      },
      "locked": {
        "lastModified": 1670198918,
        "narHash": "sha256-oNlUhAM0/a3pDdCMmBWA+CLrDAIYJqAAMyrDp8fNSM4=",
        "owner": "t184256",
        "repo": "nix-on-droid",
        "rev": "b00cb5e7e2a47d85a019119069b153cda4002d0a",
        "type": "github"
      },
      "original": {
        "owner": "t184256",
        "ref": "release-22.11",
        "repo": "nix-on-droid",
        "type": "github"
      }
    },
    "nixpkgs": {
      "locked": {
        "lastModified": 1691006197,
        "narHash": "sha256-DbtxVWPt+ZP5W0Usg7jAyTomIM//c3Jtfa59Ht7AV8s=",
        "owner": "NixOS",
        "repo": "nixpkgs",
        "rev": "66aedfd010204949cb225cf749be08cb13ce1813",
        "type": "github"
      },
      "original": {
        "owner": "NixOS",
        "ref": "nixos-unstable",
        "repo": "nixpkgs",
        "type": "github"
      }
    },
    "nixpkgs-for-bootstrap": {
      "locked": {
        "lastModified": 1669834992,
        "narHash": "sha256-YnhZGHgb4C3Q7DSGisO/stc50jFb9F/MzHeKS4giotg=",
        "owner": "NixOS",
        "repo": "nixpkgs",
        "rev": "596a8e828c5dfa504f91918d0fa4152db3ab5502",
        "type": "github"
      },
      "original": {
        "owner": "NixOS",
        "repo": "nixpkgs",
        "rev": "596a8e828c5dfa504f91918d0fa4152db3ab5502",
        "type": "github"
      }
    },
    "nixpkgs-lib": {
      "locked": {
        "dir": "lib",
        "lastModified": 1688049487,
        "narHash": "sha256-100g4iaKC9MalDjUW9iN6Jl/OocTDtXdeAj7pEGIRh4=",
        "owner": "NixOS",
        "repo": "nixpkgs",
        "rev": "4bc72cae107788bf3f24f30db2e2f685c9298dc9",
        "type": "github"
      },
      "original": {
        "dir": "lib",
        "owner": "NixOS",
        "ref": "nixos-unstable",
        "repo": "nixpkgs",
        "type": "github"
      }
    },
    "nixpkgs-stable": {
      "locked": {
        "lastModified": 1685801374,
        "narHash": "sha256-otaSUoFEMM+LjBI1XL/xGB5ao6IwnZOXc47qhIgJe8U=",
        "owner": "NixOS",
        "repo": "nixpkgs",
        "rev": "c37ca420157f4abc31e26f436c1145f8951ff373",
        "type": "github"
      },
      "original": {
        "owner": "NixOS",
        "ref": "nixos-23.05",
        "repo": "nixpkgs",
        "type": "github"
      }
    },
    "nixpkgs_2": {
      "locked": {
        "lastModified": 1658161305,
        "narHash": "sha256-X/nhnMCa1Wx4YapsspyAs6QYz6T/85FofrI6NpdPDHg=",
        "owner": "NixOS",
        "repo": "nixpkgs",
        "rev": "e4d49de45a3b5dbcb881656b4e3986e666141ea9",
        "type": "github"
      },
      "original": {
        "owner": "NixOS",
        "ref": "nixos-unstable",
        "repo": "nixpkgs",
        "type": "github"
      }
    },
    "nixpkgs_3": {
      "locked": {
        "lastModified": 1690179384,
        "narHash": "sha256-+arbgqFTAtoeKtepW9wCnA0njCOyoiDFyl0Q0SBSOtE=",
        "owner": "NixOS",
        "repo": "nixpkgs",
        "rev": "b12803b6d90e2e583429bb79b859ca53c348b39a",
        "type": "github"
      },
      "original": {
        "owner": "NixOS",
        "ref": "nixos-unstable",
        "repo": "nixpkgs",
        "type": "github"
      }
    },
    "nixpkgs_4": {
      "locked": {
        "lastModified": 1683014792,
        "narHash": "sha256-6Va9iVtmmsw4raBc3QKvQT2KT/NGRWlvUlJj46zN8B8=",
        "owner": "NixOS",
        "repo": "nixpkgs",
        "rev": "1a411f23ba299db155a5b45d5e145b85a7aafc42",
        "type": "github"
      },
      "original": {
        "owner": "NixOS",
        "ref": "nixos-unstable",
        "repo": "nixpkgs",
        "type": "github"
      }
    },
    "nixpkgs_5": {
      "locked": {
        "lastModified": 1688221086,
        "narHash": "sha256-cdW6qUL71cNWhHCpMPOJjlw0wzSRP0pVlRn2vqX/VVg=",
        "owner": "NixOS",
        "repo": "nixpkgs",
        "rev": "cd99c2b3c9f160cd004318e0697f90bbd5960825",
        "type": "github"
      },
      "original": {
        "owner": "NixOS",
        "ref": "nixpkgs-unstable",
        "repo": "nixpkgs",
        "type": "github"
      }
    },
    "nixpkgs_6": {
      "locked": {
        "lastModified": 1691006197,
        "narHash": "sha256-DbtxVWPt+ZP5W0Usg7jAyTomIM//c3Jtfa59Ht7AV8s=",
        "owner": "nixos",
        "repo": "nixpkgs",
        "rev": "66aedfd010204949cb225cf749be08cb13ce1813",
        "type": "github"
      },
      "original": {
        "owner": "nixos",
        "ref": "nixos-unstable",
        "repo": "nixpkgs",
        "type": "github"
      }
    },
    "nixpkgs_7": {
      "locked": {
        "lastModified": 1690031011,
        "narHash": "sha256-kzK0P4Smt7CL53YCdZCBbt9uBFFhE0iNvCki20etAf4=",
        "owner": "NixOS",
        "repo": "nixpkgs",
        "rev": "12303c652b881435065a98729eb7278313041e49",
        "type": "github"
      },
      "original": {
        "owner": "NixOS",
        "ref": "nixos-unstable",
        "repo": "nixpkgs",
        "type": "github"
      }
    },
    "nixvim": {
      "inputs": {
        "beautysh": "beautysh",
        "flake-utils": "flake-utils",
        "nixpkgs": "nixpkgs_7",
        "pre-commit-hooks": "pre-commit-hooks"
      },
      "locked": {
        "lastModified": 1690107839,
        "narHash": "sha256-ll3j+g3qz239sfLHYhHynKRWhMkxFXsJ9MOAXzSqQMc=",
        "owner": "pta2002",
        "repo": "nixvim",
        "rev": "4c25722d73694245e767839b462026ab2296542b",
        "type": "github"
      },
      "original": {
        "owner": "pta2002",
        "repo": "nixvim",
        "type": "github"
      }
    },
    "nmd": {
      "flake": false,
      "locked": {
        "lastModified": 1666190571,
        "narHash": "sha256-Z1hc7M9X6L+H83o9vOprijpzhTfOBjd0KmUTnpHAVjA=",
        "owner": "rycee",
        "repo": "nmd",
        "rev": "b75d312b4f33bd3294cd8ae5c2ca8c6da2afc169",
        "type": "gitlab"
      },
      "original": {
        "owner": "rycee",
        "repo": "nmd",
        "type": "gitlab"
      }
    },
    "nmd_2": {
      "flake": false,
      "locked": {
        "lastModified": 1666190571,
        "narHash": "sha256-Z1hc7M9X6L+H83o9vOprijpzhTfOBjd0KmUTnpHAVjA=",
        "owner": "rycee",
        "repo": "nmd",
        "rev": "b75d312b4f33bd3294cd8ae5c2ca8c6da2afc169",
        "type": "gitlab"
      },
      "original": {
        "owner": "rycee",
        "repo": "nmd",
        "type": "gitlab"
      }
    },
    "nmt": {
      "flake": false,
      "locked": {
        "lastModified": 1648075362,
        "narHash": "sha256-u36WgzoA84dMVsGXzml4wZ5ckGgfnvS0ryzo/3zn/Pc=",
        "owner": "rycee",
        "repo": "nmt",
        "rev": "d83601002c99b78c89ea80e5e6ba21addcfe12ae",
        "type": "gitlab"
      },
      "original": {
        "owner": "rycee",
        "repo": "nmt",
        "type": "gitlab"
      }
    },
    "nurpkgs": {
      "locked": {
        "lastModified": 1692351902,
        "narHash": "sha256-4/phpOglEZCpCsmieKnJUiq8llucyXgdL+75OvrclsU=",
        "owner": "nix-community",
        "repo": "NUR",
        "rev": "b3908294b9dce49c091a5031965b647828bae932",
        "type": "github"
      },
      "original": {
        "owner": "nix-community",
        "repo": "NUR",
        "type": "github"
      }
    },
    "poetry2nix": {
      "inputs": {
        "flake-utils": [
          "nixvim",
          "beautysh",
          "utils"
        ],
        "nixpkgs": [
          "nixvim",
          "beautysh",
          "nixpkgs"
        ]
      },
      "locked": {
        "lastModified": 1658665240,
        "narHash": "sha256-/wkx7D7enyBPRjIkK0w7QxLQhzEkb3UxNQnjyc3FTUI=",
        "owner": "nix-community",
        "repo": "poetry2nix",
        "rev": "8b8edc85d24661d5a6d0d71d6a7011f3e699780f",
        "type": "github"
      },
      "original": {
        "owner": "nix-community",
        "repo": "poetry2nix",
        "type": "github"
      }
    },
    "pre-commit-hooks": {
      "inputs": {
        "flake-compat": "flake-compat",
        "flake-utils": "flake-utils_2",
        "gitignore": "gitignore",
        "nixpkgs": [
          "nixvim",
          "nixpkgs"
        ],
        "nixpkgs-stable": "nixpkgs-stable"
      },
      "locked": {
        "lastModified": 1689668210,
        "narHash": "sha256-XAATwDkaUxH958yXLs1lcEOmU6pSEIkatY3qjqk8X0E=",
        "owner": "cachix",
        "repo": "pre-commit-hooks.nix",
        "rev": "eb433bff05b285258be76513add6f6c57b441775",
        "type": "github"
      },
      "original": {
        "owner": "cachix",
        "repo": "pre-commit-hooks.nix",
        "type": "github"
      }
    },
    "river-git-src": {
      "flake": false,
      "locked": {
        "lastModified": 1689030700,
        "narHash": "sha256-E3Xtv7JeCmafiNmpuS5VuLgh1TDAbibPtMo6A9Pz6EQ=",
        "ref": "refs/heads/master",
        "rev": "c16628c7f57c51d50f2d10a96c265fb0afaddb02",
        "revCount": 1041,
        "submodules": true,
        "type": "git",
        "url": "https://github.com/riverwm/river"
      },
      "original": {
        "submodules": true,
        "type": "git",
        "url": "https://github.com/riverwm/river"
      }
    },
    "root": {
      "inputs": {
        "chaotic": "chaotic",
        "home-manager": "home-manager_2",
        "hypr-contrib": "hypr-contrib",
        "hyprland": "hyprland",
        "hyprpicker": "hyprpicker",
        "nix-gaming": "nix-gaming",
        "nix-on-droid": "nix-on-droid",
        "nixpkgs": "nixpkgs_6",
        "nixvim": "nixvim",
        "nurpkgs": "nurpkgs",
        "xdph": "xdph_2"
      }
    },
    "sway-git-src": {
      "flake": false,
      "locked": {
        "lastModified": 1690989518,
        "narHash": "sha256-bYKYHmGGemaGpDMFRt3m8yi/t5hNlx43C5l+Dm4VJGY=",
        "owner": "swaywm",
        "repo": "sway",
        "rev": "bb91b7f5fa7fddb582b8dddf208cc335d39da9e7",
        "type": "github"
      },
      "original": {
        "owner": "swaywm",
        "ref": "master",
        "repo": "sway",
        "type": "github"
      }
    },
    "swaylock-plugin-git-src": {
      "flake": false,
      "locked": {
        "lastModified": 1683632809,
        "narHash": "sha256-Be+jfpVohSQS1Yjaex1wjymEyzGbZA7RD0VF053+Frs=",
        "owner": "mstoeckl",
        "repo": "swaylock-plugin",
        "rev": "9a0df2abe87d0dc899c28d87f0f59883c6477b61",
        "type": "github"
      },
      "original": {
        "owner": "mstoeckl",
        "ref": "main",
        "repo": "swaylock-plugin",
        "type": "github"
      }
    },
    "systems": {
      "locked": {
        "lastModified": 1681028828,
        "narHash": "sha256-Vy1rq5AaRuLzOxct8nz4T6wlgyUR7zLU309k9mBC768=",
        "owner": "nix-systems",
        "repo": "default",
        "rev": "da67096a3b9bf56a91d16901293e51ba5b49a27e",
        "type": "github"
      },
      "original": {
        "owner": "nix-systems",
        "repo": "default",
        "type": "github"
      }
    },
    "systems_2": {
      "locked": {
        "lastModified": 1681028828,
        "narHash": "sha256-Vy1rq5AaRuLzOxct8nz4T6wlgyUR7zLU309k9mBC768=",
        "owner": "nix-systems",
        "repo": "default",
        "rev": "da67096a3b9bf56a91d16901293e51ba5b49a27e",
        "type": "github"
      },
      "original": {
        "owner": "nix-systems",
        "repo": "default",
        "type": "github"
      }
    },
    "utils": {
      "locked": {
        "lastModified": 1678901627,
        "narHash": "sha256-U02riOqrKKzwjsxc/400XnElV+UtPUQWpANPlyazjH0=",
        "owner": "numtide",
        "repo": "flake-utils",
        "rev": "93a2b84fc4b70d9e089d029deacc3583435c2ed6",
        "type": "github"
      },
      "original": {
        "owner": "numtide",
        "repo": "flake-utils",
        "type": "github"
      }
    },
    "waynergy-git-src": {
      "flake": false,
      "locked": {
        "lastModified": 1685397335,
        "narHash": "sha256-YMnV8cEv/ZpKi8dyDG0OETucVZtaqguH8hZ/+ydqp6Q=",
        "owner": "r-c-f",
        "repo": "waynergy",
        "rev": "13ea71c77a8961ed192e34affb53deb1960ca103",
        "type": "github"
      },
      "original": {
        "owner": "r-c-f",
        "ref": "master",
        "repo": "waynergy",
        "type": "github"
      }
    },
    "wlroots": {
      "flake": false,
      "locked": {
        "host": "gitlab.freedesktop.org",
        "lastModified": 1691073628,
        "narHash": "sha256-LlxE3o3UzRY7APYVLGNKM30DBMcDifCRIQiMVSbYLIc=",
        "owner": "wlroots",
        "repo": "wlroots",
        "rev": "c74f89d4f84bfed0284d3908aee5d207698c70c5",
        "type": "gitlab"
      },
      "original": {
        "host": "gitlab.freedesktop.org",
        "owner": "wlroots",
        "repo": "wlroots",
        "rev": "c74f89d4f84bfed0284d3908aee5d207698c70c5",
        "type": "gitlab"
      }
    },
    "wlroots-git-src": {
      "flake": false,
      "locked": {
        "lastModified": 1691073628,
        "narHash": "sha256-LlxE3o3UzRY7APYVLGNKM30DBMcDifCRIQiMVSbYLIc=",
        "ref": "master",
        "rev": "c74f89d4f84bfed0284d3908aee5d207698c70c5",
        "revCount": 6528,
        "type": "git",
        "url": "https://gitlab.freedesktop.org/wlroots/wlroots.git"
      },
      "original": {
        "ref": "master",
        "type": "git",
        "url": "https://gitlab.freedesktop.org/wlroots/wlroots.git"
      }
    },
    "xdph": {
      "inputs": {
        "hyprland-protocols": [
          "hyprland",
          "hyprland-protocols"
        ],
        "nixpkgs": [
          "hyprland",
          "nixpkgs"
        ]
      },
      "locked": {
        "lastModified": 1685385764,
        "narHash": "sha256-r+XMyOoRXq+hlfjayb+fyi9kq2JK48TrwuNIAXqlj7U=",
        "owner": "hyprwm",
        "repo": "xdg-desktop-portal-hyprland",
        "rev": "4d9ff0c17716936e0b5ca577a39e263633901ed1",
        "type": "github"
      },
      "original": {
        "owner": "hyprwm",
        "repo": "xdg-desktop-portal-hyprland",
        "type": "github"
      }
    },
    "xdph_2": {
      "inputs": {
        "hyprland-protocols": "hyprland-protocols_2",
        "nixpkgs": [
          "nixpkgs"
        ]
      },
      "locked": {
        "lastModified": 1691082525,
        "narHash": "sha256-C5AO0KnyAFJaCkOn+5nJfWm0kyiPn/Awh0lKTjhgr7Y=",
        "owner": "hyprwm",
        "repo": "xdg-desktop-portal-hyprland",
        "rev": "42747d267ab4345c4ceb78cd4a4fe99f072d80fc",
        "type": "github"
      },
      "original": {
        "owner": "hyprwm",
        "repo": "xdg-desktop-portal-hyprland",
        "type": "github"
      }
    },
    "yt-dlp-git-src": {
      "flake": false,
      "locked": {
        "lastModified": 1690914076,
        "narHash": "sha256-JAGheulQv4JNxS+cz1UWyKNcX1sRKZu9Gzp4WxkNCP0=",
        "owner": "yt-dlp",
        "repo": "yt-dlp",
        "rev": "db9743894071760f994f640a4c24358f749a78c0",
        "type": "github"
      },
      "original": {
        "owner": "yt-dlp",
        "ref": "master",
        "repo": "yt-dlp",
        "type": "github"
      }
    },
    "yuzu-ea-git-src": {
      "flake": false,
      "locked": {
        "lastModified": 1691078441,
        "narHash": "sha256-5OAzhcpgAkMfQaPqxJVbHZoumCzHMXuXg0inlFCJLSc=",
        "owner": "pineappleEA",
        "repo": "pineapple-src",
        "rev": "10e28227cdb92cfe597527e2ae5c2ea15e9c8156",
        "type": "github"
      },
      "original": {
        "owner": "pineappleEA",
        "ref": "main",
        "repo": "pineapple-src",
        "type": "github"
      }
    }
  },
  "root": "root",
  "version": 7
}
