{
  "nodes": {
    "beautysh": {
      "inputs": {
        "nixpkgs": [
          "nixvim",
          "nixpkgs"
        ],
        "poetry2nix": "poetry2nix",
        "utils": "utils"
      },
      "locked": {
        "lastModified": 1680308980,
        "narHash": "sha256-aUEHV0jk2qIFP3jlsWYWhBbm+w/N9gzH3e4I5DcdB5s=",
        "owner": "lovesegfault",
        "repo": "beautysh",
        "rev": "9845efc3ea3e86cc0d41465d720a47f521b2799c",
        "type": "github"
      },
      "original": {
        "owner": "lovesegfault",
        "repo": "beautysh",
        "type": "github"
      }
    },
    "chaotic": {
      "inputs": {
        "compare-to": "compare-to",
        "gamescope-git-src": "gamescope-git-src",
        "input-leap-git-src": "input-leap-git-src",
        "mangohud-git-src": "mangohud-git-src",
        "mesa-git-src": "mesa-git-src",
        "nixpkgs": "nixpkgs",
        "river-git-src": "river-git-src",
        "sway-git-src": "sway-git-src",
        "swaylock-plugin-git-src": "swaylock-plugin-git-src",
        "waynergy-git-src": "waynergy-git-src",
        "wlroots-git-src": "wlroots-git-src",
        "yuzu-ea-git-src": "yuzu-ea-git-src"
      },
      "locked": {
        "lastModified": 1689856005,
        "narHash": "sha256-6cLIqVWgMTLFqx1e09wom6WKAkCiso77giT7BZulfus=",
        "owner": "chaotic-cx",
        "repo": "nyx",
        "rev": "47daf4699831ff72a1078abab043d094e64be5fe",
        "type": "github"
      },
      "original": {
        "owner": "chaotic-cx",
        "ref": "nyxpkgs-unstable",
        "repo": "nyx",
        "type": "github"
      }
    },
    "compare-to": {
      "locked": {
        "lastModified": 1682262834,
        "narHash": "sha256-kailVn8ZiJ6yaHTLOTDtJKj8MFp/U/ncqYjNUrpryJ8=",
        "owner": "chaotic-cx",
        "repo": "nix-empty-flake",
        "rev": "211c8624d05494ab24993a59e7ddc2fad58305b3",
        "type": "github"
      },
      "original": {
        "owner": "chaotic-cx",
        "repo": "nix-empty-flake",
        "type": "github"
      }
    },
    "flake-compat": {
      "flake": false,
      "locked": {
        "lastModified": 1673956053,
        "narHash": "sha256-4gtG9iQuiKITOjNQQeQIpoIB6b16fm+504Ch3sNKLd8=",
        "owner": "edolstra",
        "repo": "flake-compat",
        "rev": "35bb57c0c8d8b62bbfd284272c928ceb64ddbde9",
        "type": "github"
      },
      "original": {
        "owner": "edolstra",
        "repo": "flake-compat",
        "type": "github"
      }
    },
    "flake-utils": {
      "inputs": {
        "systems": "systems"
      },
      "locked": {
        "lastModified": 1689068808,
        "narHash": "sha256-6ixXo3wt24N/melDWjq70UuHQLxGV8jZvooRanIHXw0=",
        "owner": "numtide",
        "repo": "flake-utils",
        "rev": "919d646de7be200f3bf08cb76ae1f09402b6f9b4",
        "type": "github"
      },
      "original": {
        "owner": "numtide",
        "repo": "flake-utils",
        "type": "github"
      }
    },
    "flake-utils_2": {
      "inputs": {
        "systems": "systems_2"
      },
      "locked": {
        "lastModified": 1685518550,
        "narHash": "sha256-o2d0KcvaXzTrPRIo0kOLV0/QXHhDQ5DTi+OxcjO8xqY=",
        "owner": "numtide",
        "repo": "flake-utils",
        "rev": "a1720a10a6cfe8234c0e93907ffe81be440f4cef",
        "type": "github"
      },
      "original": {
        "owner": "numtide",
        "repo": "flake-utils",
        "type": "github"
      }
    },
    "gamescope-git-src": {
      "flake": false,
      "locked": {
        "lastModified": 1688948637,
        "narHash": "sha256-VZFIenJDAaWM5fb6anVvOmP7IC+dkvXDqwEVCcMaGLw=",
        "owner": "ValveSoftware",
        "repo": "gamescope",
        "rev": "2dd8236c225bfb731c82700cefb8b275f6b77b0f",
        "type": "github"
      },
      "original": {
        "owner": "ValveSoftware",
        "ref": "master",
        "repo": "gamescope",
        "type": "github"
      }
    },
    "gitignore": {
      "inputs": {
        "nixpkgs": [
          "nixvim",
          "pre-commit-hooks",
          "nixpkgs"
        ]
      },
      "locked": {
        "lastModified": 1660459072,
        "narHash": "sha256-8DFJjXG8zqoONA1vXtgeKXy68KdJL5UaXR8NtVMUbx8=",
        "owner": "hercules-ci",
        "repo": "gitignore.nix",
        "rev": "a20de23b925fd8264fd7fad6454652e142fd7f73",
        "type": "github"
      },
      "original": {
        "owner": "hercules-ci",
        "repo": "gitignore.nix",
        "type": "github"
      }
    },
    "home-manager": {
      "inputs": {
        "nixpkgs": [
          "nixpkgs"
        ]
      },
      "locked": {
        "lastModified": 1689875525,
        "narHash": "sha256-fgUrFH3bMZ6R7qgBTfuTRGlkZXIkdyjndl6ZbExbjE8=",
        "owner": "nix-community",
        "repo": "home-manager",
        "rev": "1443abd2696ec6bd6fb9701e6c26b277a27b4a3e",
        "type": "github"
      },
      "original": {
        "owner": "nix-community",
        "repo": "home-manager",
        "type": "github"
      }
    },
    "hyprland": {
      "inputs": {
        "hyprland-protocols": "hyprland-protocols",
        "nixpkgs": "nixpkgs_2",
        "wlroots": "wlroots",
        "xdph": "xdph"
      },
      "locked": {
        "lastModified": 1689876207,
        "narHash": "sha256-eE4jk1hyjdO0rk3LUN+Xbb5o/58XUbk8dla06IAoHVY=",
        "owner": "hyprwm",
        "repo": "Hyprland",
        "rev": "61dc0909ae72c79acc639b001813b4d9ed2e35ab",
        "type": "github"
      },
      "original": {
        "owner": "hyprwm",
        "repo": "Hyprland",
        "type": "github"
      }
    },
    "hyprland-contrib": {
      "inputs": {
        "nixpkgs": "nixpkgs_3"
      },
      "locked": {
        "lastModified": 1688849364,
        "narHash": "sha256-gW4x5YiCWFlckFiaLZo+RWJa1IyQ2Cx4jTrJzNy1OzQ=",
        "owner": "hyprwm",
        "repo": "contrib",
        "rev": "3126196e7ed609e7c427a39dc126ea067de62a65",
        "type": "github"
      },
      "original": {
        "owner": "hyprwm",
        "repo": "contrib",
        "type": "github"
      }
    },
    "hyprland-protocols": {
      "inputs": {
        "nixpkgs": [
          "hyprland",
          "nixpkgs"
        ]
      },
      "locked": {
        "lastModified": 1684265364,
        "narHash": "sha256-AxNnWbthsuNx73HDQr0eBxrcE3+yfl/WsaXZqUFmkpQ=",
        "owner": "hyprwm",
        "repo": "hyprland-protocols",
        "rev": "8c279b9fb0f2b031427dc5ef4eab53f2ed835530",
        "type": "github"
      },
      "original": {
        "owner": "hyprwm",
        "repo": "hyprland-protocols",
        "type": "github"
      }
    },
    "input-leap-git-src": {
      "flake": false,
      "locked": {
        "lastModified": 1686513090,
        "narHash": "sha256-unmEdtGHGNmKkVeWtGpepogJCd5yE0WS9jK4WII1DXk=",
        "owner": "input-leap",
        "repo": "input-leap",
        "rev": "6446288aa619133f287cf3166bc924a99d073ea2",
        "type": "github"
      },
      "original": {
        "owner": "input-leap",
        "ref": "master",
        "repo": "input-leap",
        "type": "github"
      }
    },
    "mangohud-git-src": {
      "flake": false,
      "locked": {
        "lastModified": 1689719228,
        "narHash": "sha256-q6w7tOYEf8C7V0rgHxsBOwyD+gg+AgKbm5jIuicZVc0=",
        "owner": "flightlessmango",
        "repo": "MangoHud",
        "rev": "a05d576b4b92281d8a48bfe383a909e7006beffc",
        "type": "github"
      },
      "original": {
        "owner": "flightlessmango",
        "ref": "master",
        "repo": "MangoHud",
        "type": "github"
      }
    },
    "mesa-git-src": {
      "flake": false,
      "locked": {
        "lastModified": 1689785639,
        "narHash": "sha256-ailAcZjGylcLHuSHQkSoeeAo+Z2uVk8dDrnCzdV4JnQ=",
        "owner": "chaotic-cx",
        "repo": "mesa-mirror",
        "rev": "2661e975dcac47c26bd13a158b7860bf384ffaab",
        "type": "github"
      },
      "original": {
        "owner": "chaotic-cx",
        "ref": "main",
        "repo": "mesa-mirror",
        "type": "github"
      }
    },
    "nix-formatter-pack": {
      "inputs": {
        "nixpkgs": [
          "nix-on-droid",
          "nixpkgs"
        ],
        "nmd": "nmd",
        "nmt": "nmt"
      },
      "locked": {
        "lastModified": 1666720474,
        "narHash": "sha256-iWojjDS1D19zpeZXbBdjWb9MiKmVVFQCqtJmtTXgPx8=",
        "owner": "Gerschtli",
        "repo": "nix-formatter-pack",
        "rev": "14876cc8fe94a3d329964ecb073b4c988c7b61f5",
        "type": "github"
      },
      "original": {
        "owner": "Gerschtli",
        "repo": "nix-formatter-pack",
        "type": "github"
      }
    },
    "nix-on-droid": {
      "inputs": {
        "home-manager": [
          "home-manager"
        ],
        "nix-formatter-pack": "nix-formatter-pack",
        "nixpkgs": [
          "nixpkgs"
        ],
        "nixpkgs-for-bootstrap": "nixpkgs-for-bootstrap",
        "nmd": "nmd_2"
      },
      "locked": {
        "lastModified": 1670198918,
        "narHash": "sha256-oNlUhAM0/a3pDdCMmBWA+CLrDAIYJqAAMyrDp8fNSM4=",
        "owner": "t184256",
        "repo": "nix-on-droid",
        "rev": "b00cb5e7e2a47d85a019119069b153cda4002d0a",
        "type": "github"
      },
      "original": {
        "owner": "t184256",
        "ref": "release-22.11",
        "repo": "nix-on-droid",
        "type": "github"
      }
    },
    "nixpkgs": {
      "locked": {
        "lastModified": 1689679375,
        "narHash": "sha256-LHUC52WvyVDi9PwyL1QCpaxYWBqp4ir4iL6zgOkmcb8=",
        "owner": "NixOS",
        "repo": "nixpkgs",
        "rev": "684c17c429c42515bafb3ad775d2a710947f3d67",
        "type": "github"
      },
      "original": {
        "owner": "NixOS",
        "ref": "nixos-unstable",
        "repo": "nixpkgs",
        "type": "github"
      }
    },
    "nixpkgs-for-bootstrap": {
      "locked": {
        "lastModified": 1669834992,
        "narHash": "sha256-YnhZGHgb4C3Q7DSGisO/stc50jFb9F/MzHeKS4giotg=",
        "owner": "NixOS",
        "repo": "nixpkgs",
        "rev": "596a8e828c5dfa504f91918d0fa4152db3ab5502",
        "type": "github"
      },
      "original": {
        "owner": "NixOS",
        "repo": "nixpkgs",
        "rev": "596a8e828c5dfa504f91918d0fa4152db3ab5502",
        "type": "github"
      }
    },
    "nixpkgs-stable": {
      "locked": {
        "lastModified": 1685801374,
        "narHash": "sha256-otaSUoFEMM+LjBI1XL/xGB5ao6IwnZOXc47qhIgJe8U=",
        "owner": "NixOS",
        "repo": "nixpkgs",
        "rev": "c37ca420157f4abc31e26f436c1145f8951ff373",
        "type": "github"
      },
      "original": {
        "owner": "NixOS",
        "ref": "nixos-23.05",
        "repo": "nixpkgs",
        "type": "github"
      }
    },
    "nixpkgs_2": {
      "locked": {
        "lastModified": 1688500189,
        "narHash": "sha256-djYYiY4lzJOlXOnTHytH6BUugrxHDZjuGxTSrU4gt4M=",
        "owner": "NixOS",
        "repo": "nixpkgs",
        "rev": "78419edadf0fabbe5618643bd850b2f2198ed060",
        "type": "github"
      },
      "original": {
        "owner": "NixOS",
        "ref": "nixos-unstable",
        "repo": "nixpkgs",
        "type": "github"
      }
    },
    "nixpkgs_3": {
      "locked": {
        "lastModified": 1658161305,
        "narHash": "sha256-X/nhnMCa1Wx4YapsspyAs6QYz6T/85FofrI6NpdPDHg=",
        "owner": "NixOS",
        "repo": "nixpkgs",
        "rev": "e4d49de45a3b5dbcb881656b4e3986e666141ea9",
        "type": "github"
      },
      "original": {
        "owner": "NixOS",
        "ref": "nixos-unstable",
        "repo": "nixpkgs",
        "type": "github"
      }
    },
    "nixpkgs_4": {
      "locked": {
        "lastModified": 1689679375,
        "narHash": "sha256-LHUC52WvyVDi9PwyL1QCpaxYWBqp4ir4iL6zgOkmcb8=",
        "owner": "nixos",
        "repo": "nixpkgs",
        "rev": "684c17c429c42515bafb3ad775d2a710947f3d67",
        "type": "github"
      },
      "original": {
        "owner": "nixos",
        "ref": "nixos-unstable",
        "repo": "nixpkgs",
        "type": "github"
      }
    },
    "nixpkgs_5": {
      "locked": {
        "lastModified": 1689679375,
        "narHash": "sha256-LHUC52WvyVDi9PwyL1QCpaxYWBqp4ir4iL6zgOkmcb8=",
        "owner": "NixOS",
        "repo": "nixpkgs",
        "rev": "684c17c429c42515bafb3ad775d2a710947f3d67",
        "type": "github"
      },
      "original": {
        "owner": "NixOS",
        "ref": "nixos-unstable",
        "repo": "nixpkgs",
        "type": "github"
      }
    },
    "nixvim": {
      "inputs": {
        "beautysh": "beautysh",
        "flake-utils": "flake-utils",
        "nixpkgs": "nixpkgs_5",
        "pre-commit-hooks": "pre-commit-hooks"
      },
      "locked": {
        "lastModified": 1689834273,
        "narHash": "sha256-s3+iQ+wMR9of/rKWDlsoPlYVdWOHYMIJV/q0uWTZmA0=",
        "owner": "pta2002",
        "repo": "nixvim",
        "rev": "54ebe3b0eeacbd7397d7f867a0b0e440127a34c2",
        "type": "github"
      },
      "original": {
        "owner": "pta2002",
        "repo": "nixvim",
        "type": "github"
      }
    },
    "nmd": {
      "flake": false,
      "locked": {
        "lastModified": 1666190571,
        "narHash": "sha256-Z1hc7M9X6L+H83o9vOprijpzhTfOBjd0KmUTnpHAVjA=",
        "owner": "rycee",
        "repo": "nmd",
        "rev": "b75d312b4f33bd3294cd8ae5c2ca8c6da2afc169",
        "type": "gitlab"
      },
      "original": {
        "owner": "rycee",
        "repo": "nmd",
        "type": "gitlab"
      }
    },
    "nmd_2": {
      "flake": false,
      "locked": {
        "lastModified": 1666190571,
        "narHash": "sha256-Z1hc7M9X6L+H83o9vOprijpzhTfOBjd0KmUTnpHAVjA=",
        "owner": "rycee",
        "repo": "nmd",
        "rev": "b75d312b4f33bd3294cd8ae5c2ca8c6da2afc169",
        "type": "gitlab"
      },
      "original": {
        "owner": "rycee",
        "repo": "nmd",
        "type": "gitlab"
      }
    },
    "nmt": {
      "flake": false,
      "locked": {
        "lastModified": 1648075362,
        "narHash": "sha256-u36WgzoA84dMVsGXzml4wZ5ckGgfnvS0ryzo/3zn/Pc=",
        "owner": "rycee",
        "repo": "nmt",
        "rev": "d83601002c99b78c89ea80e5e6ba21addcfe12ae",
        "type": "gitlab"
      },
      "original": {
        "owner": "rycee",
        "repo": "nmt",
        "type": "gitlab"
      }
    },
    "nurpkgs": {
      "locked": {
        "lastModified": 1689876156,
        "narHash": "sha256-J2ZIAoLhtEykvDkHQSLdvNKYKSj+hi1ZTJmE86gJWpQ=",
        "owner": "nix-community",
        "repo": "NUR",
        "rev": "acad1df6e562ee5aad78a90ce1d4082536d9d727",
        "type": "github"
      },
      "original": {
        "owner": "nix-community",
        "repo": "NUR",
        "type": "github"
      }
    },
    "poetry2nix": {
      "inputs": {
        "flake-utils": [
          "nixvim",
          "beautysh",
          "utils"
        ],
        "nixpkgs": [
          "nixvim",
          "beautysh",
          "nixpkgs"
        ]
      },
      "locked": {
        "lastModified": 1658665240,
        "narHash": "sha256-/wkx7D7enyBPRjIkK0w7QxLQhzEkb3UxNQnjyc3FTUI=",
        "owner": "nix-community",
        "repo": "poetry2nix",
        "rev": "8b8edc85d24661d5a6d0d71d6a7011f3e699780f",
        "type": "github"
      },
      "original": {
        "owner": "nix-community",
        "repo": "poetry2nix",
        "type": "github"
      }
    },
    "pre-commit-hooks": {
      "inputs": {
        "flake-compat": "flake-compat",
        "flake-utils": "flake-utils_2",
        "gitignore": "gitignore",
        "nixpkgs": [
          "nixvim",
          "nixpkgs"
        ],
        "nixpkgs-stable": "nixpkgs-stable"
      },
      "locked": {
        "lastModified": 1689668210,
        "narHash": "sha256-XAATwDkaUxH958yXLs1lcEOmU6pSEIkatY3qjqk8X0E=",
        "owner": "cachix",
        "repo": "pre-commit-hooks.nix",
        "rev": "eb433bff05b285258be76513add6f6c57b441775",
        "type": "github"
      },
      "original": {
        "owner": "cachix",
        "repo": "pre-commit-hooks.nix",
        "type": "github"
      }
    },
    "river-git-src": {
      "flake": false,
      "locked": {
        "lastModified": 1689030700,
        "narHash": "sha256-E3Xtv7JeCmafiNmpuS5VuLgh1TDAbibPtMo6A9Pz6EQ=",
        "ref": "refs/heads/master",
        "rev": "c16628c7f57c51d50f2d10a96c265fb0afaddb02",
        "revCount": 1041,
        "submodules": true,
        "type": "git",
        "url": "https://github.com/riverwm/river"
      },
      "original": {
        "submodules": true,
        "type": "git",
        "url": "https://github.com/riverwm/river"
      }
    },
    "root": {
      "inputs": {
        "chaotic": "chaotic",
        "home-manager": "home-manager",
        "hyprland": "hyprland",
        "hyprland-contrib": "hyprland-contrib",
        "nix-on-droid": "nix-on-droid",
        "nixpkgs": "nixpkgs_4",
        "nixvim": "nixvim",
        "nurpkgs": "nurpkgs"
      }
    },
    "sway-git-src": {
      "flake": false,
      "locked": {
        "lastModified": 1689751713,
        "narHash": "sha256-SR85FXdhXTwcAePPmmgu7KwNnsprmzHpylNpusROeJg=",
        "owner": "swaywm",
        "repo": "sway",
        "rev": "ee4637b086aed256c7698b9f68786e6de5d8da00",
        "type": "github"
      },
      "original": {
        "owner": "swaywm",
        "ref": "master",
        "repo": "sway",
        "type": "github"
      }
    },
    "swaylock-plugin-git-src": {
      "flake": false,
      "locked": {
        "lastModified": 1683632809,
        "narHash": "sha256-Be+jfpVohSQS1Yjaex1wjymEyzGbZA7RD0VF053+Frs=",
        "owner": "mstoeckl",
        "repo": "swaylock-plugin",
        "rev": "9a0df2abe87d0dc899c28d87f0f59883c6477b61",
        "type": "github"
      },
      "original": {
        "owner": "mstoeckl",
        "ref": "main",
        "repo": "swaylock-plugin",
        "type": "github"
      }
    },
    "systems": {
      "locked": {
        "lastModified": 1681028828,
        "narHash": "sha256-Vy1rq5AaRuLzOxct8nz4T6wlgyUR7zLU309k9mBC768=",
        "owner": "nix-systems",
        "repo": "default",
        "rev": "da67096a3b9bf56a91d16901293e51ba5b49a27e",
        "type": "github"
      },
      "original": {
        "owner": "nix-systems",
        "repo": "default",
        "type": "github"
      }
    },
    "systems_2": {
      "locked": {
        "lastModified": 1681028828,
        "narHash": "sha256-Vy1rq5AaRuLzOxct8nz4T6wlgyUR7zLU309k9mBC768=",
        "owner": "nix-systems",
        "repo": "default",
        "rev": "da67096a3b9bf56a91d16901293e51ba5b49a27e",
        "type": "github"
      },
      "original": {
        "owner": "nix-systems",
        "repo": "default",
        "type": "github"
      }
    },
    "utils": {
      "locked": {
        "lastModified": 1678901627,
        "narHash": "sha256-U02riOqrKKzwjsxc/400XnElV+UtPUQWpANPlyazjH0=",
        "owner": "numtide",
        "repo": "flake-utils",
        "rev": "93a2b84fc4b70d9e089d029deacc3583435c2ed6",
        "type": "github"
      },
      "original": {
        "owner": "numtide",
        "repo": "flake-utils",
        "type": "github"
      }
    },
    "waynergy-git-src": {
      "flake": false,
      "locked": {
        "lastModified": 1685397335,
        "narHash": "sha256-YMnV8cEv/ZpKi8dyDG0OETucVZtaqguH8hZ/+ydqp6Q=",
        "owner": "r-c-f",
        "repo": "waynergy",
        "rev": "13ea71c77a8961ed192e34affb53deb1960ca103",
        "type": "github"
      },
      "original": {
        "owner": "r-c-f",
        "ref": "master",
        "repo": "waynergy",
        "type": "github"
      }
    },
    "wlroots": {
      "flake": false,
      "locked": {
        "host": "gitlab.freedesktop.org",
        "lastModified": 1689611045,
        "narHash": "sha256-3RTOlQabkNetQ4O4UzSf57JPco9VGVHhSU1ls5uKBeE=",
        "owner": "wlroots",
        "repo": "wlroots",
        "rev": "7791ffe0584c4ac13c170e1661ce33bdbd4a9b9e",
        "type": "gitlab"
      },
      "original": {
        "host": "gitlab.freedesktop.org",
        "owner": "wlroots",
        "repo": "wlroots",
        "rev": "7791ffe0584c4ac13c170e1661ce33bdbd4a9b9e",
        "type": "gitlab"
      }
    },
    "wlroots-git-src": {
      "flake": false,
      "locked": {
        "lastModified": 1689719264,
        "narHash": "sha256-VaZjJ1JeYy5SJ9cYEhnqM0D97jOZf4oy45j304W9LF4=",
        "ref": "master",
        "rev": "7ce4d557c576eaeef9bae47ac4e28f729ed4143f",
        "revCount": 6510,
        "type": "git",
        "url": "https://gitlab.freedesktop.org/wlroots/wlroots.git"
      },
      "original": {
        "ref": "master",
        "type": "git",
        "url": "https://gitlab.freedesktop.org/wlroots/wlroots.git"
      }
    },
    "xdph": {
      "inputs": {
        "hyprland-protocols": [
          "hyprland",
          "hyprland-protocols"
        ],
        "nixpkgs": [
          "hyprland",
          "nixpkgs"
        ]
      },
      "locked": {
        "lastModified": 1685385764,
        "narHash": "sha256-r+XMyOoRXq+hlfjayb+fyi9kq2JK48TrwuNIAXqlj7U=",
        "owner": "hyprwm",
        "repo": "xdg-desktop-portal-hyprland",
        "rev": "4d9ff0c17716936e0b5ca577a39e263633901ed1",
        "type": "github"
      },
      "original": {
        "owner": "hyprwm",
        "repo": "xdg-desktop-portal-hyprland",
        "type": "github"
      }
    },
    "yuzu-ea-git-src": {
      "flake": false,
      "locked": {
        "lastModified": 1688962847,
        "narHash": "sha256-LVJ2p0gZAACiZEIaeGb/uy8j2uVWIwx6vXrlzgZfIBc=",
        "owner": "pineappleEA",
        "repo": "pineapple-src",
        "rev": "30259960bd775ddae3cdfed43f80900f80cebcb9",
        "type": "github"
      },
      "original": {
        "owner": "pineappleEA",
        "ref": "main",
        "repo": "pineapple-src",
        "type": "github"
      }
    }
  },
  "root": "root",
  "version": 7
}
